<?xml version="1.0" encoding="utf-8"?>
<Project ToolsVersion="4.0" xmlns="http://schemas.microsoft.com/developer/msbuild/2003">
  <ItemGroup>
    <Filter Include="win32">
      <UniqueIdentifier>{84a8ebd7-7cf0-47f6-b75e-d441df67da40}</UniqueIdentifier>
    </Filter>
    <Filter Include="resource">
      <UniqueIdentifier>{715254bc-d70b-4ec5-bf29-467dd3ace079}</UniqueIdentifier>
    </Filter>
    <Filter Include="src">
      <UniqueIdentifier>{bb6c862e-70e9-49d9-81b7-3829a6f50471}</UniqueIdentifier>
    </Filter>
    <Filter Include="src\object">
      <UniqueIdentifier>{b0c12c0f-ba1c-479e-8f2e-f689409422e8}</UniqueIdentifier>
    </Filter>
    <Filter Include="src\ai">
      <UniqueIdentifier>{9960a6e9-255f-4895-b5f7-b9d83ddd2eef}</UniqueIdentifier>
    </Filter>
  </ItemGroup>
  <ItemGroup>
    <ClCompile Include="main.cpp">
      <Filter>win32</Filter>
    </ClCompile>
    <ClCompile Include="..\Classes\AppDelegate.cpp">
      <Filter>src</Filter>
    </ClCompile>
    <ClCompile Include="..\Classes\GameScene.cpp">
      <Filter>src</Filter>
    </ClCompile>
    <ClCompile Include="..\Classes\object\Zeek.cpp">
      <Filter>src\object</Filter>
    </ClCompile>
    <ClCompile Include="..\Classes\AI\AStar.cpp">
      <Filter>src\ai</Filter>
    </ClCompile>
    <ClCompile Include="..\Classes\object\Eater.cpp">
      <Filter>src\object</Filter>
    </ClCompile>
    <ClCompile Include="..\Classes\object\Flower.cpp">
      <Filter>src\object</Filter>
    </ClCompile>
  </ItemGroup>
  <ItemGroup>
    <ClInclude Include="main.h">
      <Filter>win32</Filter>
    </ClInclude>
    <ClInclude Include="..\Classes\AppDelegate.h">
      <Filter>src</Filter>
    </ClInclude>
    <ClInclude Include="..\Classes\GameScene.h">
      <Filter>src</Filter>
    </ClInclude>
    <ClInclude Include="..\Classes\preInclude.h">
      <Filter>src</Filter>
    </ClInclude>
    <ClInclude Include="..\Classes\object\Zeek.h">
      <Filter>src\object</Filter>
    </ClInclude>
    <ClInclude Include="..\Classes\AI\AStar.h">
      <Filter>src\ai</Filter>
    </ClInclude>
    <ClInclude Include="..\Classes\object\Eater.h">
      <Filter>src\object</Filter>
    </ClInclude>
    <ClInclude Include="..\Classes\object\Flower.h">
      <Filter>src\object</Filter>
    </ClInclude>
  </ItemGroup>
  <ItemGroup>
    <ResourceCompile Include="game.rc">
      <Filter>resource</Filter>
    </ResourceCompile>
  </ItemGroup>
</Project>