<?xml version="1.0" encoding="utf-8"?>
<Project ToolsVersion="4.0" xmlns="http://schemas.microsoft.com/developer/msbuild/2003">
  <ItemGroup>
    <Filter Include="win32">
      <UniqueIdentifier>{84a8ebd7-7cf0-47f6-b75e-d441df67da40}</UniqueIdentifier>
    </Filter>
    <Filter Include="resource">
      <UniqueIdentifier>{715254bc-d70b-4ec5-bf29-467dd3ace079}</UniqueIdentifier>
    </Filter>
    <Filter Include="src">
      <UniqueIdentifier>{bb6c862e-70e9-49d9-81b7-3829a6f50471}</UniqueIdentifier>
    </Filter>
    <Filter Include="src\game">
      <UniqueIdentifier>{9471e568-01a5-4b36-a6f4-4e37a59ef57e}</UniqueIdentifier>
    </Filter>
    <Filter Include="src\game\AI">
      <UniqueIdentifier>{02d8c7af-1cfb-4670-bb3c-433c577bf198}</UniqueIdentifier>
    </Filter>
    <Filter Include="src\game\AI\stateMachine">
      <UniqueIdentifier>{c2aba14c-74cc-438e-8333-d61b35d8553e}</UniqueIdentifier>
    </Filter>
    <Filter Include="src\game\object">
      <UniqueIdentifier>{a2fa7797-e33f-4d3c-8322-87616b6c4748}</UniqueIdentifier>
    </Filter>
  </ItemGroup>
  <ItemGroup>
    <ClCompile Include="main.cpp">
      <Filter>win32</Filter>
    </ClCompile>
    <ClCompile Include="..\Classes\AppDelegate.cpp">
      <Filter>src</Filter>
    </ClCompile>
    <ClCompile Include="..\Classes\game\AI\stateMachine\ZeekState.cpp">
      <Filter>src\game\AI\stateMachine</Filter>
    </ClCompile>
    <ClCompile Include="..\Classes\game\AI\AStar.cpp">
      <Filter>src\game\AI</Filter>
    </ClCompile>
    <ClCompile Include="..\Classes\game\dataStruct.cpp">
      <Filter>src\game</Filter>
    </ClCompile>
    <ClCompile Include="..\Classes\game\GameMgr.cpp">
      <Filter>src\game</Filter>
    </ClCompile>
    <ClCompile Include="..\Classes\game\object\Eater.cpp">
      <Filter>src\game\object</Filter>
    </ClCompile>
    <ClCompile Include="..\Classes\game\object\Flower.cpp">
      <Filter>src\game\object</Filter>
    </ClCompile>
    <ClCompile Include="..\Classes\game\object\GameObject.cpp">
      <Filter>src\game\object</Filter>
    </ClCompile>
    <ClCompile Include="..\Classes\game\object\Zeek.cpp">
      <Filter>src\game\object</Filter>
    </ClCompile>
    <ClCompile Include="..\Classes\game\AI\stateMachine\EaterState.cpp">
      <Filter>src\game\AI\stateMachine</Filter>
    </ClCompile>
    <ClCompile Include="..\Classes\game\object\Apple.cpp">
      <Filter>src\game\object</Filter>
    </ClCompile>
    <ClCompile Include="..\Classes\game\object\Ball.cpp">
      <Filter>src\game\object</Filter>
    </ClCompile>
    <ClCompile Include="..\Classes\game\object\Bomb.cpp">
      <Filter>src\game\object</Filter>
    </ClCompile>
    <ClCompile Include="..\Classes\game\object\Chest.cpp">
      <Filter>src\game\object</Filter>
    </ClCompile>
    <ClCompile Include="..\Classes\game\object\Dinosaur.cpp">
      <Filter>src\game\object</Filter>
    </ClCompile>
    <ClCompile Include="..\Classes\game\object\Door.cpp">
      <Filter>src\game\object</Filter>
    </ClCompile>
    <ClCompile Include="..\Classes\game\object\Electrode.cpp">
      <Filter>src\game\object</Filter>
    </ClCompile>
    <ClCompile Include="..\Classes\game\object\Key.cpp">
      <Filter>src\game\object</Filter>
    </ClCompile>
    <ClCompile Include="..\Classes\game\object\magicEgg.cpp">
      <Filter>src\game\object</Filter>
    </ClCompile>
    <ClCompile Include="..\Classes\game\object\mushroom.cpp">
      <Filter>src\game\object</Filter>
    </ClCompile>
    <ClCompile Include="..\Classes\game\object\wall.cpp">
      <Filter>src\game\object</Filter>
    </ClCompile>
  </ItemGroup>
  <ItemGroup>
    <ClInclude Include="main.h">
      <Filter>win32</Filter>
    </ClInclude>
    <ClInclude Include="..\Classes\AppDelegate.h">
      <Filter>src</Filter>
    </ClInclude>
    <ClInclude Include="..\Classes\game\AI\stateMachine\state.h">
      <Filter>src\game\AI\stateMachine</Filter>
    </ClInclude>
    <ClInclude Include="..\Classes\game\AI\stateMachine\stateMachine.h">
      <Filter>src\game\AI\stateMachine</Filter>
    </ClInclude>
    <ClInclude Include="..\Classes\game\AI\stateMachine\ZeekState.h">
      <Filter>src\game\AI\stateMachine</Filter>
    </ClInclude>
    <ClInclude Include="..\Classes\game\AI\AStar.h">
      <Filter>src\game\AI</Filter>
    </ClInclude>
    <ClInclude Include="..\Classes\game\dataStruct.h">
      <Filter>src\game</Filter>
    </ClInclude>
    <ClInclude Include="..\Classes\game\GameMgr.h">
      <Filter>src\game</Filter>
    </ClInclude>
    <ClInclude Include="..\Classes\game\object\Eater.h">
      <Filter>src\game\object</Filter>
    </ClInclude>
    <ClInclude Include="..\Classes\game\object\Flower.h">
      <Filter>src\game\object</Filter>
    </ClInclude>
    <ClInclude Include="..\Classes\game\object\GameObject.h">
      <Filter>src\game\object</Filter>
    </ClInclude>
    <ClInclude Include="..\Classes\game\object\Zeek.h">
      <Filter>src\game\object</Filter>
    </ClInclude>
    <ClInclude Include="..\Classes\preInclude.h">
      <Filter>src</Filter>
    </ClInclude>
    <ClInclude Include="..\Classes\game\AI\stateMachine\EaterState.h">
      <Filter>src\game\AI\stateMachine</Filter>
    </ClInclude>
    <ClInclude Include="..\Classes\game\object\Apple.h">
      <Filter>src\game\object</Filter>
    </ClInclude>
    <ClInclude Include="..\Classes\game\object\Ball.h">
      <Filter>src\game\object</Filter>
    </ClInclude>
    <ClInclude Include="..\Classes\game\object\Bomb.h">
      <Filter>src\game\object</Filter>
    </ClInclude>
    <ClInclude Include="..\Classes\game\object\Chest.h">
      <Filter>src\game\object</Filter>
    </ClInclude>
    <ClInclude Include="..\Classes\game\object\Dinosaur.h">
      <Filter>src\game\object</Filter>
    </ClInclude>
    <ClInclude Include="..\Classes\game\object\Door.h">
      <Filter>src\game\object</Filter>
    </ClInclude>
    <ClInclude Include="..\Classes\game\object\Electrode.h">
      <Filter>src\game\object</Filter>
    </ClInclude>
    <ClInclude Include="..\Classes\game\object\Key.h">
      <Filter>src\game\object</Filter>
    </ClInclude>
    <ClInclude Include="..\Classes\game\object\magicEgg.h">
      <Filter>src\game\object</Filter>
    </ClInclude>
    <ClInclude Include="..\Classes\game\object\mushroom.h">
      <Filter>src\game\object</Filter>
    </ClInclude>
    <ClInclude Include="..\Classes\game\object\wall.h">
      <Filter>src\game\object</Filter>
    </ClInclude>
  </ItemGroup>
  <ItemGroup>
    <ResourceCompile Include="game.rc">
      <Filter>resource</Filter>
    </ResourceCompile>
  </ItemGroup>
</Project>