<?xml version="1.0" encoding="utf-8"?>
<Project ToolsVersion="4.0" xmlns="http://schemas.microsoft.com/developer/msbuild/2003">
  <ItemGroup>
    <Filter Include="win32">
      <UniqueIdentifier>{84a8ebd7-7cf0-47f6-b75e-d441df67da40}</UniqueIdentifier>
    </Filter>
    <Filter Include="resource">
      <UniqueIdentifier>{715254bc-d70b-4ec5-bf29-467dd3ace079}</UniqueIdentifier>
    </Filter>
    <Filter Include="src">
      <UniqueIdentifier>{bb6c862e-70e9-49d9-81b7-3829a6f50471}</UniqueIdentifier>
    </Filter>
    <Filter Include="src\game">
      <UniqueIdentifier>{4895c07f-a8a3-4847-9503-7907fa742b86}</UniqueIdentifier>
    </Filter>
    <Filter Include="src\game\AI">
      <UniqueIdentifier>{04cf10f1-f2b0-4584-9b14-35817c331da3}</UniqueIdentifier>
    </Filter>
    <Filter Include="src\game\object">
      <UniqueIdentifier>{91e6d49e-0b77-4f15-aaa2-3c786cb6aff7}</UniqueIdentifier>
    </Filter>
    <Filter Include="src\game\AI\stateMachine">
      <UniqueIdentifier>{2fc605c4-ebc3-4898-a028-fc8662a38706}</UniqueIdentifier>
    </Filter>
  </ItemGroup>
  <ItemGroup>
    <ClCompile Include="main.cpp">
      <Filter>win32</Filter>
    </ClCompile>
    <ClCompile Include="..\Classes\game\AI\AStar.cpp">
      <Filter>src\game\AI</Filter>
    </ClCompile>
    <ClCompile Include="..\Classes\game\object\Eater.cpp">
      <Filter>src\game\object</Filter>
    </ClCompile>
    <ClCompile Include="..\Classes\game\object\Flower.cpp">
      <Filter>src\game\object</Filter>
    </ClCompile>
    <ClCompile Include="..\Classes\game\object\GameObject.cpp">
      <Filter>src\game\object</Filter>
    </ClCompile>
    <ClCompile Include="..\Classes\game\object\Zeek.cpp">
      <Filter>src\game\object</Filter>
    </ClCompile>
    <ClCompile Include="..\Classes\game\GameMgr.cpp">
      <Filter>src\game</Filter>
    </ClCompile>
    <ClCompile Include="..\Classes\AppDelegate.cpp">
      <Filter>src</Filter>
    </ClCompile>
    <ClCompile Include="..\Classes\game\AI\stateMachine\ZeekState.cpp">
      <Filter>src\game\AI\stateMachine</Filter>
    </ClCompile>
  </ItemGroup>
  <ItemGroup>
    <ClInclude Include="main.h">
      <Filter>win32</Filter>
    </ClInclude>
    <ClInclude Include="..\Classes\game\AI\AStar.h">
      <Filter>src\game\AI</Filter>
    </ClInclude>
    <ClInclude Include="..\Classes\game\object\Eater.h">
      <Filter>src\game\object</Filter>
    </ClInclude>
    <ClInclude Include="..\Classes\game\object\Flower.h">
      <Filter>src\game\object</Filter>
    </ClInclude>
    <ClInclude Include="..\Classes\game\object\GameObject.h">
      <Filter>src\game\object</Filter>
    </ClInclude>
    <ClInclude Include="..\Classes\game\object\Zeek.h">
      <Filter>src\game\object</Filter>
    </ClInclude>
    <ClInclude Include="..\Classes\game\GameMgr.h">
      <Filter>src\game</Filter>
    </ClInclude>
    <ClInclude Include="..\Classes\game\dataStruct.h">
      <Filter>src\game</Filter>
    </ClInclude>
    <ClInclude Include="..\Classes\AppDelegate.h">
      <Filter>src</Filter>
    </ClInclude>
    <ClInclude Include="..\Classes\preInclude.h">
      <Filter>src</Filter>
    </ClInclude>
    <ClInclude Include="..\Classes\game\AI\stateMachine\state.h">
      <Filter>src\game\AI\stateMachine</Filter>
    </ClInclude>
    <ClInclude Include="..\Classes\game\AI\stateMachine\stateMachine.h">
      <Filter>src\game\AI\stateMachine</Filter>
    </ClInclude>
    <ClInclude Include="..\Classes\game\AI\stateMachine\ZeekState.h">
      <Filter>src\game\AI\stateMachine</Filter>
    </ClInclude>
  </ItemGroup>
  <ItemGroup>
    <ResourceCompile Include="game.rc">
      <Filter>resource</Filter>
    </ResourceCompile>
  </ItemGroup>
</Project>